
Microsoft Visual Studio Solution File, Format Version 12.00
# Visual Studio Version 16
VisualStudioVersion = 16.0.31129.286
MinimumVisualStudioVersion = 10.0.40219.1
Project("{FAE04EC0-301F-11D3-BF4B-00C04F79EFBC}") = "BetterCalm", "BetterCalm\BetterCalm.csproj", "{42EA4AB6-8EE7-4078-93DA-301BA50A084A}"
EndProject
Global
	GlobalSection(SolutionConfigurationPlatforms) = preSolution
		Debug|Any CPU = Debug|Any CPU
		Release|Any CPU = Release|Any CPU
	EndGlobalSection
	GlobalSection(ProjectConfigurationPlatforms) = postSolution
		{42EA4AB6-8EE7-4078-93DA-301BA50A084A}.Debug|Any CPU.ActiveCfg = Debug|Any CPU
		{42EA4AB6-8EE7-4078-93DA-301BA50A084A}.Debug|Any CPU.Build.0 = Debug|Any CPU
		{42EA4AB6-8EE7-4078-93DA-301BA50A084A}.Release|Any CPU.ActiveCfg = Release|Any CPU
		{42EA4AB6-8EE7-4078-93DA-301BA50A084A}.Release|Any CPU.Build.0 = Release|Any CPU
	EndGlobalSection
	GlobalSection(SolutionProperties) = preSolution
		HideSolutionNode = FALSE
	EndGlobalSection
	GlobalSection(ExtensibilityGlobals) = postSolution
		SolutionGuid = {99DD942E-2C56-4283-85E0-45770B53620D}
	EndGlobalSection
EndGlobal
