
Microsoft Visual Studio Solution File, Format Version 12.00
# Visual Studio Version 16
VisualStudioVersion = 16.0.31129.286
MinimumVisualStudioVersion = 10.0.40219.1
Project("{9A19103F-16F7-4668-BE54-9A1E7A4F7556}") = "WebApi", "WebApi\WebApi.csproj", "{42EA4AB6-8EE7-4078-93DA-301BA50A084A}"
EndProject
Project("{9A19103F-16F7-4668-BE54-9A1E7A4F7556}") = "WebApiTests", "WebApiTests\WebApiTests.csproj", "{BD4B22F1-C5A2-40F8-9295-801D3080C3F1}"
EndProject
Project("{9A19103F-16F7-4668-BE54-9A1E7A4F7556}") = "Model", "Model\Model.csproj", "{C0339569-010E-4497-B033-2213689CE15A}"
EndProject
Project("{9A19103F-16F7-4668-BE54-9A1E7A4F7556}") = "Domain", "Domain\Domain.csproj", "{DB7D4227-A143-4860-A610-0D075C26EB3F}"
EndProject
Project("{9A19103F-16F7-4668-BE54-9A1E7A4F7556}") = "BusinessLogic", "BusinessLogic\BusinessLogic.csproj", "{D0DD13D9-4D52-4800-8233-25629780AB4E}"
EndProject
Project("{9A19103F-16F7-4668-BE54-9A1E7A4F7556}") = "DataAccess", "DataAccess\DataAccess.csproj", "{87338A6F-1DDE-4642-9B1B-8226A0CFA665}"
EndProject
Project("{9A19103F-16F7-4668-BE54-9A1E7A4F7556}") = "DataAccessInterface", "DataAccessInterface\DataAccessInterface.csproj", "{518553ED-E7FA-462A-89DA-27D3D0D6D956}"
EndProject
Project("{9A19103F-16F7-4668-BE54-9A1E7A4F7556}") = "BusinessLogicInterface", "BusinessLogicInterface\BusinessLogicInterface.csproj", "{68AF363B-54EE-479F-BC29-A82BD6762ADC}"
EndProject
Project("{9A19103F-16F7-4668-BE54-9A1E7A4F7556}") = "Factory", "Factory\Factory.csproj", "{EB0D91B4-4B15-4899-89C6-E02BFDB3DFE6}"
EndProject
Project("{9A19103F-16F7-4668-BE54-9A1E7A4F7556}") = "DataAccessTests", "DataAccessTests\DataAccessTests.csproj", "{FC5E290B-B268-447D-9DDF-824CF5B9D3C1}"
EndProject
Project("{9A19103F-16F7-4668-BE54-9A1E7A4F7556}") = "BusinessLogicTests", "BusinessLogicTests\BusinessLogicTests.csproj", "{25FFE488-CB58-4722-9944-570D3A95132C}"
EndProject
Project("{2150E333-8FDC-42A3-9474-1A3956D46DE8}") = "Code", "Code", "{BC868B3F-14FF-4C5B-9C42-DFB2DACD238F}"
EndProject
Project("{2150E333-8FDC-42A3-9474-1A3956D46DE8}") = "Tests", "Tests", "{385E0035-EDE2-457F-87BE-BC6F61B59EA5}"
EndProject
Project("{9A19103F-16F7-4668-BE54-9A1E7A4F7556}") = "Migrations", "Migrations\Migrations.csproj", "{8F390279-5B0D-47CF-BA55-65BB2E388105}"
EndProject
Project("{9A19103F-16F7-4668-BE54-9A1E7A4F7556}") = "Adapter", "Adapter\Adapter.csproj", "{7D3345BA-0B55-48FA-AAF2-2FCA0A0901AB}"
EndProject
Project("{9A19103F-16F7-4668-BE54-9A1E7A4F7556}") = "AdapterInterface", "AdapterInterface\AdapterInterface.csproj", "{82A95F2E-54E1-46AF-A1BD-256F3D06E0EC}"
EndProject
Project("{9A19103F-16F7-4668-BE54-9A1E7A4F7556}") = "BusinessExceptions", "BusinessExceptions\BusinessExceptions.csproj", "{BE985F53-2BFD-4C4B-8978-98185050C174}"
EndProject
Project("{9A19103F-16F7-4668-BE54-9A1E7A4F7556}") = "AdapterExceptions", "AdapterExceptions\AdapterExceptions.csproj", "{3A5B8478-37D9-4B04-BCDD-934E000BFB96}"
EndProject
Project("{FAE04EC0-301F-11D3-BF4B-00C04F79EFBC}") = "SessionInterface", "SessionInterface\SessionInterface.csproj", "{D222410F-2EB2-4C0C-AAA2-685268DD9CC1}"
EndProject
Project("{FAE04EC0-301F-11D3-BF4B-00C04F79EFBC}") = "SessionLogic", "SessionLogic\SessionLogic.csproj", "{4DE146D9-F2A4-4518-9451-53F6C57C6C0B}"
EndProject
Project("{FAE04EC0-301F-11D3-BF4B-00C04F79EFBC}") = "SessionLogicTests", "SessionLogicTests\SessionLogicTests.csproj", "{7C5A87E6-2711-498D-9FCB-764DF0610631}"
EndProject
Project("{FAE04EC0-301F-11D3-BF4B-00C04F79EFBC}") = "AdapterTests", "AdapterTests\AdapterTests.csproj", "{2913A129-7830-44E4-B2F9-1CF7AE2E8DFA}"
EndProject
Global
	GlobalSection(SolutionConfigurationPlatforms) = preSolution
		Debug|Any CPU = Debug|Any CPU
		Release|Any CPU = Release|Any CPU
	EndGlobalSection
	GlobalSection(ProjectConfigurationPlatforms) = postSolution
		{42EA4AB6-8EE7-4078-93DA-301BA50A084A}.Debug|Any CPU.ActiveCfg = Debug|Any CPU
		{42EA4AB6-8EE7-4078-93DA-301BA50A084A}.Debug|Any CPU.Build.0 = Debug|Any CPU
		{42EA4AB6-8EE7-4078-93DA-301BA50A084A}.Release|Any CPU.ActiveCfg = Release|Any CPU
		{42EA4AB6-8EE7-4078-93DA-301BA50A084A}.Release|Any CPU.Build.0 = Release|Any CPU
		{BD4B22F1-C5A2-40F8-9295-801D3080C3F1}.Debug|Any CPU.ActiveCfg = Debug|Any CPU
		{BD4B22F1-C5A2-40F8-9295-801D3080C3F1}.Debug|Any CPU.Build.0 = Debug|Any CPU
		{BD4B22F1-C5A2-40F8-9295-801D3080C3F1}.Release|Any CPU.ActiveCfg = Release|Any CPU
		{BD4B22F1-C5A2-40F8-9295-801D3080C3F1}.Release|Any CPU.Build.0 = Release|Any CPU
		{C0339569-010E-4497-B033-2213689CE15A}.Debug|Any CPU.ActiveCfg = Debug|Any CPU
		{C0339569-010E-4497-B033-2213689CE15A}.Debug|Any CPU.Build.0 = Debug|Any CPU
		{C0339569-010E-4497-B033-2213689CE15A}.Release|Any CPU.ActiveCfg = Release|Any CPU
		{C0339569-010E-4497-B033-2213689CE15A}.Release|Any CPU.Build.0 = Release|Any CPU
		{DB7D4227-A143-4860-A610-0D075C26EB3F}.Debug|Any CPU.ActiveCfg = Debug|Any CPU
		{DB7D4227-A143-4860-A610-0D075C26EB3F}.Debug|Any CPU.Build.0 = Debug|Any CPU
		{DB7D4227-A143-4860-A610-0D075C26EB3F}.Release|Any CPU.ActiveCfg = Release|Any CPU
		{DB7D4227-A143-4860-A610-0D075C26EB3F}.Release|Any CPU.Build.0 = Release|Any CPU
		{D0DD13D9-4D52-4800-8233-25629780AB4E}.Debug|Any CPU.ActiveCfg = Debug|Any CPU
		{D0DD13D9-4D52-4800-8233-25629780AB4E}.Debug|Any CPU.Build.0 = Debug|Any CPU
		{D0DD13D9-4D52-4800-8233-25629780AB4E}.Release|Any CPU.ActiveCfg = Release|Any CPU
		{D0DD13D9-4D52-4800-8233-25629780AB4E}.Release|Any CPU.Build.0 = Release|Any CPU
		{87338A6F-1DDE-4642-9B1B-8226A0CFA665}.Debug|Any CPU.ActiveCfg = Debug|Any CPU
		{87338A6F-1DDE-4642-9B1B-8226A0CFA665}.Debug|Any CPU.Build.0 = Debug|Any CPU
		{87338A6F-1DDE-4642-9B1B-8226A0CFA665}.Release|Any CPU.ActiveCfg = Release|Any CPU
		{87338A6F-1DDE-4642-9B1B-8226A0CFA665}.Release|Any CPU.Build.0 = Release|Any CPU
		{518553ED-E7FA-462A-89DA-27D3D0D6D956}.Debug|Any CPU.ActiveCfg = Debug|Any CPU
		{518553ED-E7FA-462A-89DA-27D3D0D6D956}.Debug|Any CPU.Build.0 = Debug|Any CPU
		{518553ED-E7FA-462A-89DA-27D3D0D6D956}.Release|Any CPU.ActiveCfg = Release|Any CPU
		{518553ED-E7FA-462A-89DA-27D3D0D6D956}.Release|Any CPU.Build.0 = Release|Any CPU
		{68AF363B-54EE-479F-BC29-A82BD6762ADC}.Debug|Any CPU.ActiveCfg = Debug|Any CPU
		{68AF363B-54EE-479F-BC29-A82BD6762ADC}.Debug|Any CPU.Build.0 = Debug|Any CPU
		{68AF363B-54EE-479F-BC29-A82BD6762ADC}.Release|Any CPU.ActiveCfg = Release|Any CPU
		{68AF363B-54EE-479F-BC29-A82BD6762ADC}.Release|Any CPU.Build.0 = Release|Any CPU
		{EB0D91B4-4B15-4899-89C6-E02BFDB3DFE6}.Debug|Any CPU.ActiveCfg = Debug|Any CPU
		{EB0D91B4-4B15-4899-89C6-E02BFDB3DFE6}.Debug|Any CPU.Build.0 = Debug|Any CPU
		{EB0D91B4-4B15-4899-89C6-E02BFDB3DFE6}.Release|Any CPU.ActiveCfg = Release|Any CPU
		{EB0D91B4-4B15-4899-89C6-E02BFDB3DFE6}.Release|Any CPU.Build.0 = Release|Any CPU
		{FC5E290B-B268-447D-9DDF-824CF5B9D3C1}.Debug|Any CPU.ActiveCfg = Debug|Any CPU
		{FC5E290B-B268-447D-9DDF-824CF5B9D3C1}.Debug|Any CPU.Build.0 = Debug|Any CPU
		{FC5E290B-B268-447D-9DDF-824CF5B9D3C1}.Release|Any CPU.ActiveCfg = Release|Any CPU
		{FC5E290B-B268-447D-9DDF-824CF5B9D3C1}.Release|Any CPU.Build.0 = Release|Any CPU
		{25FFE488-CB58-4722-9944-570D3A95132C}.Debug|Any CPU.ActiveCfg = Debug|Any CPU
		{25FFE488-CB58-4722-9944-570D3A95132C}.Debug|Any CPU.Build.0 = Debug|Any CPU
		{25FFE488-CB58-4722-9944-570D3A95132C}.Release|Any CPU.ActiveCfg = Release|Any CPU
		{25FFE488-CB58-4722-9944-570D3A95132C}.Release|Any CPU.Build.0 = Release|Any CPU
		{8F390279-5B0D-47CF-BA55-65BB2E388105}.Debug|Any CPU.ActiveCfg = Debug|Any CPU
		{8F390279-5B0D-47CF-BA55-65BB2E388105}.Debug|Any CPU.Build.0 = Debug|Any CPU
		{8F390279-5B0D-47CF-BA55-65BB2E388105}.Release|Any CPU.ActiveCfg = Release|Any CPU
		{8F390279-5B0D-47CF-BA55-65BB2E388105}.Release|Any CPU.Build.0 = Release|Any CPU
		{7D3345BA-0B55-48FA-AAF2-2FCA0A0901AB}.Debug|Any CPU.ActiveCfg = Debug|Any CPU
		{7D3345BA-0B55-48FA-AAF2-2FCA0A0901AB}.Debug|Any CPU.Build.0 = Debug|Any CPU
		{7D3345BA-0B55-48FA-AAF2-2FCA0A0901AB}.Release|Any CPU.ActiveCfg = Release|Any CPU
		{7D3345BA-0B55-48FA-AAF2-2FCA0A0901AB}.Release|Any CPU.Build.0 = Release|Any CPU
		{82A95F2E-54E1-46AF-A1BD-256F3D06E0EC}.Debug|Any CPU.ActiveCfg = Debug|Any CPU
		{82A95F2E-54E1-46AF-A1BD-256F3D06E0EC}.Debug|Any CPU.Build.0 = Debug|Any CPU
		{82A95F2E-54E1-46AF-A1BD-256F3D06E0EC}.Release|Any CPU.ActiveCfg = Release|Any CPU
		{82A95F2E-54E1-46AF-A1BD-256F3D06E0EC}.Release|Any CPU.Build.0 = Release|Any CPU
		{BE985F53-2BFD-4C4B-8978-98185050C174}.Debug|Any CPU.ActiveCfg = Debug|Any CPU
		{BE985F53-2BFD-4C4B-8978-98185050C174}.Debug|Any CPU.Build.0 = Debug|Any CPU
		{BE985F53-2BFD-4C4B-8978-98185050C174}.Release|Any CPU.ActiveCfg = Release|Any CPU
		{BE985F53-2BFD-4C4B-8978-98185050C174}.Release|Any CPU.Build.0 = Release|Any CPU
		{3A5B8478-37D9-4B04-BCDD-934E000BFB96}.Debug|Any CPU.ActiveCfg = Debug|Any CPU
		{3A5B8478-37D9-4B04-BCDD-934E000BFB96}.Debug|Any CPU.Build.0 = Debug|Any CPU
		{3A5B8478-37D9-4B04-BCDD-934E000BFB96}.Release|Any CPU.ActiveCfg = Release|Any CPU
		{3A5B8478-37D9-4B04-BCDD-934E000BFB96}.Release|Any CPU.Build.0 = Release|Any CPU
		{D222410F-2EB2-4C0C-AAA2-685268DD9CC1}.Debug|Any CPU.ActiveCfg = Debug|Any CPU
		{D222410F-2EB2-4C0C-AAA2-685268DD9CC1}.Debug|Any CPU.Build.0 = Debug|Any CPU
		{D222410F-2EB2-4C0C-AAA2-685268DD9CC1}.Release|Any CPU.ActiveCfg = Release|Any CPU
		{D222410F-2EB2-4C0C-AAA2-685268DD9CC1}.Release|Any CPU.Build.0 = Release|Any CPU
		{4DE146D9-F2A4-4518-9451-53F6C57C6C0B}.Debug|Any CPU.ActiveCfg = Debug|Any CPU
		{4DE146D9-F2A4-4518-9451-53F6C57C6C0B}.Debug|Any CPU.Build.0 = Debug|Any CPU
		{4DE146D9-F2A4-4518-9451-53F6C57C6C0B}.Release|Any CPU.ActiveCfg = Release|Any CPU
		{4DE146D9-F2A4-4518-9451-53F6C57C6C0B}.Release|Any CPU.Build.0 = Release|Any CPU
		{7C5A87E6-2711-498D-9FCB-764DF0610631}.Debug|Any CPU.ActiveCfg = Debug|Any CPU
		{7C5A87E6-2711-498D-9FCB-764DF0610631}.Debug|Any CPU.Build.0 = Debug|Any CPU
		{7C5A87E6-2711-498D-9FCB-764DF0610631}.Release|Any CPU.ActiveCfg = Release|Any CPU
		{7C5A87E6-2711-498D-9FCB-764DF0610631}.Release|Any CPU.Build.0 = Release|Any CPU
		{2913A129-7830-44E4-B2F9-1CF7AE2E8DFA}.Debug|Any CPU.ActiveCfg = Debug|Any CPU
		{2913A129-7830-44E4-B2F9-1CF7AE2E8DFA}.Debug|Any CPU.Build.0 = Debug|Any CPU
		{2913A129-7830-44E4-B2F9-1CF7AE2E8DFA}.Release|Any CPU.ActiveCfg = Release|Any CPU
		{2913A129-7830-44E4-B2F9-1CF7AE2E8DFA}.Release|Any CPU.Build.0 = Release|Any CPU
	EndGlobalSection
	GlobalSection(SolutionProperties) = preSolution
		HideSolutionNode = FALSE
	EndGlobalSection
	GlobalSection(NestedProjects) = preSolution
		{42EA4AB6-8EE7-4078-93DA-301BA50A084A} = {BC868B3F-14FF-4C5B-9C42-DFB2DACD238F}
		{BD4B22F1-C5A2-40F8-9295-801D3080C3F1} = {385E0035-EDE2-457F-87BE-BC6F61B59EA5}
		{C0339569-010E-4497-B033-2213689CE15A} = {BC868B3F-14FF-4C5B-9C42-DFB2DACD238F}
		{DB7D4227-A143-4860-A610-0D075C26EB3F} = {BC868B3F-14FF-4C5B-9C42-DFB2DACD238F}
		{D0DD13D9-4D52-4800-8233-25629780AB4E} = {BC868B3F-14FF-4C5B-9C42-DFB2DACD238F}
		{87338A6F-1DDE-4642-9B1B-8226A0CFA665} = {BC868B3F-14FF-4C5B-9C42-DFB2DACD238F}
		{518553ED-E7FA-462A-89DA-27D3D0D6D956} = {BC868B3F-14FF-4C5B-9C42-DFB2DACD238F}
		{68AF363B-54EE-479F-BC29-A82BD6762ADC} = {BC868B3F-14FF-4C5B-9C42-DFB2DACD238F}
		{EB0D91B4-4B15-4899-89C6-E02BFDB3DFE6} = {BC868B3F-14FF-4C5B-9C42-DFB2DACD238F}
		{FC5E290B-B268-447D-9DDF-824CF5B9D3C1} = {385E0035-EDE2-457F-87BE-BC6F61B59EA5}
		{25FFE488-CB58-4722-9944-570D3A95132C} = {385E0035-EDE2-457F-87BE-BC6F61B59EA5}
		{8F390279-5B0D-47CF-BA55-65BB2E388105} = {BC868B3F-14FF-4C5B-9C42-DFB2DACD238F}
		{7D3345BA-0B55-48FA-AAF2-2FCA0A0901AB} = {BC868B3F-14FF-4C5B-9C42-DFB2DACD238F}
		{82A95F2E-54E1-46AF-A1BD-256F3D06E0EC} = {BC868B3F-14FF-4C5B-9C42-DFB2DACD238F}
		{BE985F53-2BFD-4C4B-8978-98185050C174} = {BC868B3F-14FF-4C5B-9C42-DFB2DACD238F}
		{3A5B8478-37D9-4B04-BCDD-934E000BFB96} = {BC868B3F-14FF-4C5B-9C42-DFB2DACD238F}
		{D222410F-2EB2-4C0C-AAA2-685268DD9CC1} = {BC868B3F-14FF-4C5B-9C42-DFB2DACD238F}
		{4DE146D9-F2A4-4518-9451-53F6C57C6C0B} = {BC868B3F-14FF-4C5B-9C42-DFB2DACD238F}
		{7C5A87E6-2711-498D-9FCB-764DF0610631} = {385E0035-EDE2-457F-87BE-BC6F61B59EA5}
		{2913A129-7830-44E4-B2F9-1CF7AE2E8DFA} = {385E0035-EDE2-457F-87BE-BC6F61B59EA5}
	EndGlobalSection
	GlobalSection(ExtensibilityGlobals) = postSolution
		SolutionGuid = {99DD942E-2C56-4283-85E0-45770B53620D}
	EndGlobalSection
EndGlobal
